// !$*UTF8*$!
{
	archiveVersion = 1;
	classes = {
	};
	objectVersion = 55;
	objects = {

/* Begin PBXBuildFile section */
		C909CA252870604600329D94 /* CacheManager.swift in Sources */ = {isa = PBXBuildFile; fileRef = C909CA242870604600329D94 /* CacheManager.swift */; };
		C90F32642875936B0068D69F /* Channel.swift in Sources */ = {isa = PBXBuildFile; fileRef = C90F32632875936B0068D69F /* Channel.swift */; };
		C90F32662875EAE10068D69F /* JSONableProtocol.swift in Sources */ = {isa = PBXBuildFile; fileRef = C90F32652875EAE10068D69F /* JSONableProtocol.swift */; };
		C91403C12869034D0088680B /* FirstPlaylistCollectionViewCell.swift in Sources */ = {isa = PBXBuildFile; fileRef = C91403C02869034D0088680B /* FirstPlaylistCollectionViewCell.swift */; };
		C93606342868706700BBF66A /* FirstPlaylistCollectionView.swift in Sources */ = {isa = PBXBuildFile; fileRef = C93606332868706600BBF66A /* FirstPlaylistCollectionView.swift */; };
		C941FECE2871DE4E008AF16A /* ChannelsModel.swift in Sources */ = {isa = PBXBuildFile; fileRef = C941FECD2871DE4D008AF16A /* ChannelsModel.swift */; };
		C965E51C286A61D0000EF4C9 /* PlayerViewController.xib in Resources */ = {isa = PBXBuildFile; fileRef = C965E51B286A61D0000EF4C9 /* PlayerViewController.xib */; };
		C965E521286B2E0A000EF4C9 /* PlayerViewController.swift in Sources */ = {isa = PBXBuildFile; fileRef = C965E520286B2E0A000EF4C9 /* PlayerViewController.swift */; };
		C968E144286294B700A8674D /* AppDelegate.swift in Sources */ = {isa = PBXBuildFile; fileRef = C968E143286294B700A8674D /* AppDelegate.swift */; };
		C968E146286294B700A8674D /* SceneDelegate.swift in Sources */ = {isa = PBXBuildFile; fileRef = C968E145286294B700A8674D /* SceneDelegate.swift */; };
		C968E148286294B700A8674D /* ViewController.swift in Sources */ = {isa = PBXBuildFile; fileRef = C968E147286294B700A8674D /* ViewController.swift */; };
		C968E14B286294B700A8674D /* Main.storyboard in Resources */ = {isa = PBXBuildFile; fileRef = C968E149286294B700A8674D /* Main.storyboard */; };
		C968E14D286294BC00A8674D /* Assets.xcassets in Resources */ = {isa = PBXBuildFile; fileRef = C968E14C286294BC00A8674D /* Assets.xcassets */; };
		C968E150286294BC00A8674D /* LaunchScreen.storyboard in Resources */ = {isa = PBXBuildFile; fileRef = C968E14E286294BC00A8674D /* LaunchScreen.storyboard */; };
		C988C6BA28730151007B8EE5 /* ChannelsResponse.swift in Sources */ = {isa = PBXBuildFile; fileRef = C988C6B928730151007B8EE5 /* ChannelsResponse.swift */; };
		C9C1A8702869CCC20018C380 /* SecondPlaylistCollectionView.swift in Sources */ = {isa = PBXBuildFile; fileRef = C9C1A86F2869CCC20018C380 /* SecondPlaylistCollectionView.swift */; };
		C9C1A8742869D2BD0018C380 /* SecondPlaylistCollectionViewCell.swift in Sources */ = {isa = PBXBuildFile; fileRef = C9C1A8732869D2BD0018C380 /* SecondPlaylistCollectionViewCell.swift */; };
		C9E61E1928649728009777C5 /* TopChannelsCollectionView.swift in Sources */ = {isa = PBXBuildFile; fileRef = C9E61E1828649728009777C5 /* TopChannelsCollectionView.swift */; };
		C9E61E1D2864FB53009777C5 /* TopChannelsCollectionViewCell.swift in Sources */ = {isa = PBXBuildFile; fileRef = C9E61E1C2864FB53009777C5 /* TopChannelsCollectionViewCell.swift */; };
		C9FC4735286D0F9600520795 /* APIConstants.swift in Sources */ = {isa = PBXBuildFile; fileRef = C9FC4734286D0F9600520795 /* APIConstants.swift */; };
		C9FC4737286D16A600520795 /* Video.swift in Sources */ = {isa = PBXBuildFile; fileRef = C9FC4736286D16A600520795 /* Video.swift */; };
		C9FC4739286D17E500520795 /* PlaylistsModel.swift in Sources */ = {isa = PBXBuildFile; fileRef = C9FC4738286D17E500520795 /* PlaylistsModel.swift */; };
		C9FC473B286D97B000520795 /* PlaylistsResponse.swift in Sources */ = {isa = PBXBuildFile; fileRef = C9FC473A286D97B000520795 /* PlaylistsResponse.swift */; };
		CF200C467F68B8AD335B3026 /* Pods_YoutubeAPI.framework in Frameworks */ = {isa = PBXBuildFile; fileRef = 0F351DD7FC210E6E06199D5F /* Pods_YoutubeAPI.framework */; };
/* End PBXBuildFile section */

/* Begin PBXFileReference section */
		0F351DD7FC210E6E06199D5F /* Pods_YoutubeAPI.framework */ = {isa = PBXFileReference; explicitFileType = wrapper.framework; includeInIndex = 0; path = Pods_YoutubeAPI.framework; sourceTree = BUILT_PRODUCTS_DIR; };
		19FBF6B9BE61CEDDADD894EA /* Pods-YoutubeAPI.release.xcconfig */ = {isa = PBXFileReference; includeInIndex = 1; lastKnownFileType = text.xcconfig; name = "Pods-YoutubeAPI.release.xcconfig"; path = "Target Support Files/Pods-YoutubeAPI/Pods-YoutubeAPI.release.xcconfig"; sourceTree = "<group>"; };
		65485F4663FF1375EE3610A5 /* Pods-YoutubeAPI.debug.xcconfig */ = {isa = PBXFileReference; includeInIndex = 1; lastKnownFileType = text.xcconfig; name = "Pods-YoutubeAPI.debug.xcconfig"; path = "Target Support Files/Pods-YoutubeAPI/Pods-YoutubeAPI.debug.xcconfig"; sourceTree = "<group>"; };
		C909CA242870604600329D94 /* CacheManager.swift */ = {isa = PBXFileReference; lastKnownFileType = sourcecode.swift; path = CacheManager.swift; sourceTree = "<group>"; };
		C90F32632875936B0068D69F /* Channel.swift */ = {isa = PBXFileReference; lastKnownFileType = sourcecode.swift; path = Channel.swift; sourceTree = "<group>"; };
		C90F32652875EAE10068D69F /* JSONableProtocol.swift */ = {isa = PBXFileReference; lastKnownFileType = sourcecode.swift; path = JSONableProtocol.swift; sourceTree = "<group>"; };
		C91403BD2868F5C40088680B /* YoutubeAPI-Bridging-Header.h */ = {isa = PBXFileReference; fileEncoding = 4; lastKnownFileType = sourcecode.c.h; path = "YoutubeAPI-Bridging-Header.h"; sourceTree = "<group>"; };
		C91403C02869034D0088680B /* FirstPlaylistCollectionViewCell.swift */ = {isa = PBXFileReference; lastKnownFileType = sourcecode.swift; path = FirstPlaylistCollectionViewCell.swift; sourceTree = "<group>"; };
		C93606332868706600BBF66A /* FirstPlaylistCollectionView.swift */ = {isa = PBXFileReference; lastKnownFileType = sourcecode.swift; path = FirstPlaylistCollectionView.swift; sourceTree = "<group>"; };
		C941FECD2871DE4D008AF16A /* ChannelsModel.swift */ = {isa = PBXFileReference; lastKnownFileType = sourcecode.swift; path = ChannelsModel.swift; sourceTree = "<group>"; };
		C965E51B286A61D0000EF4C9 /* PlayerViewController.xib */ = {isa = PBXFileReference; lastKnownFileType = file.xib; path = PlayerViewController.xib; sourceTree = "<group>"; };
		C965E520286B2E0A000EF4C9 /* PlayerViewController.swift */ = {isa = PBXFileReference; lastKnownFileType = sourcecode.swift; path = PlayerViewController.swift; sourceTree = "<group>"; };
		C968E140286294B700A8674D /* YoutubeAPI.app */ = {isa = PBXFileReference; explicitFileType = wrapper.application; includeInIndex = 0; path = YoutubeAPI.app; sourceTree = BUILT_PRODUCTS_DIR; };
		C968E143286294B700A8674D /* AppDelegate.swift */ = {isa = PBXFileReference; lastKnownFileType = sourcecode.swift; path = AppDelegate.swift; sourceTree = "<group>"; };
		C968E145286294B700A8674D /* SceneDelegate.swift */ = {isa = PBXFileReference; lastKnownFileType = sourcecode.swift; path = SceneDelegate.swift; sourceTree = "<group>"; };
		C968E147286294B700A8674D /* ViewController.swift */ = {isa = PBXFileReference; lastKnownFileType = sourcecode.swift; path = ViewController.swift; sourceTree = "<group>"; };
		C968E14A286294B700A8674D /* Base */ = {isa = PBXFileReference; lastKnownFileType = file.storyboard; name = Base; path = Base.lproj/Main.storyboard; sourceTree = "<group>"; };
		C968E14C286294BC00A8674D /* Assets.xcassets */ = {isa = PBXFileReference; lastKnownFileType = folder.assetcatalog; path = Assets.xcassets; sourceTree = "<group>"; };
		C968E14F286294BC00A8674D /* Base */ = {isa = PBXFileReference; lastKnownFileType = file.storyboard; name = Base; path = Base.lproj/LaunchScreen.storyboard; sourceTree = "<group>"; };
		C968E151286294BC00A8674D /* Info.plist */ = {isa = PBXFileReference; lastKnownFileType = text.plist.xml; path = Info.plist; sourceTree = "<group>"; };
		C988C6B928730151007B8EE5 /* ChannelsResponse.swift */ = {isa = PBXFileReference; lastKnownFileType = sourcecode.swift; path = ChannelsResponse.swift; sourceTree = "<group>"; };
		C9C1A86F2869CCC20018C380 /* SecondPlaylistCollectionView.swift */ = {isa = PBXFileReference; lastKnownFileType = sourcecode.swift; path = SecondPlaylistCollectionView.swift; sourceTree = "<group>"; };
		C9C1A8732869D2BD0018C380 /* SecondPlaylistCollectionViewCell.swift */ = {isa = PBXFileReference; lastKnownFileType = sourcecode.swift; path = SecondPlaylistCollectionViewCell.swift; sourceTree = "<group>"; };
		C9E61E1828649728009777C5 /* TopChannelsCollectionView.swift */ = {isa = PBXFileReference; lastKnownFileType = sourcecode.swift; path = TopChannelsCollectionView.swift; sourceTree = "<group>"; };
		C9E61E1C2864FB53009777C5 /* TopChannelsCollectionViewCell.swift */ = {isa = PBXFileReference; lastKnownFileType = sourcecode.swift; path = TopChannelsCollectionViewCell.swift; sourceTree = "<group>"; };
		C9FC4734286D0F9600520795 /* APIConstants.swift */ = {isa = PBXFileReference; lastKnownFileType = sourcecode.swift; path = APIConstants.swift; sourceTree = "<group>"; };
		C9FC4736286D16A600520795 /* Video.swift */ = {isa = PBXFileReference; lastKnownFileType = sourcecode.swift; path = Video.swift; sourceTree = "<group>"; };
		C9FC4738286D17E500520795 /* PlaylistsModel.swift */ = {isa = PBXFileReference; lastKnownFileType = sourcecode.swift; path = PlaylistsModel.swift; sourceTree = "<group>"; };
		C9FC473A286D97B000520795 /* PlaylistsResponse.swift */ = {isa = PBXFileReference; lastKnownFileType = sourcecode.swift; path = PlaylistsResponse.swift; sourceTree = "<group>"; };
/* End PBXFileReference section */

/* Begin PBXFrameworksBuildPhase section */
		C968E13D286294B700A8674D /* Frameworks */ = {
			isa = PBXFrameworksBuildPhase;
			buildActionMask = 2147483647;
			files = (
				CF200C467F68B8AD335B3026 /* Pods_YoutubeAPI.framework in Frameworks */,
			);
			runOnlyForDeploymentPostprocessing = 0;
		};
/* End PBXFrameworksBuildPhase section */

/* Begin PBXGroup section */
		A3641D4665BFC61ECA92BE1D /* Frameworks */ = {
			isa = PBXGroup;
			children = (
				0F351DD7FC210E6E06199D5F /* Pods_YoutubeAPI.framework */,
			);
			name = Frameworks;
			sourceTree = "<group>";
		};
		BEFEA222C43E08AD947A10C7 /* Pods */ = {
			isa = PBXGroup;
			children = (
				65485F4663FF1375EE3610A5 /* Pods-YoutubeAPI.debug.xcconfig */,
				19FBF6B9BE61CEDDADD894EA /* Pods-YoutubeAPI.release.xcconfig */,
			);
			path = Pods;
			sourceTree = "<group>";
		};
		C909CA2328705F8D00329D94 /* Assistants */ = {
			isa = PBXGroup;
			children = (
				C9FC4734286D0F9600520795 /* APIConstants.swift */,
				C909CA242870604600329D94 /* CacheManager.swift */,
				C90F32652875EAE10068D69F /* JSONableProtocol.swift */,
			);
			name = Assistants;
			sourceTree = "<group>";
		};
		C968E137286294B700A8674D = {
			isa = PBXGroup;
			children = (
				C968E142286294B700A8674D /* YoutubeAPI */,
				C968E141286294B700A8674D /* Products */,
				BEFEA222C43E08AD947A10C7 /* Pods */,
				A3641D4665BFC61ECA92BE1D /* Frameworks */,
			);
			sourceTree = "<group>";
		};
		C968E141286294B700A8674D /* Products */ = {
			isa = PBXGroup;
			children = (
				C968E140286294B700A8674D /* YoutubeAPI.app */,
			);
			name = Products;
			sourceTree = "<group>";
		};
		C968E142286294B700A8674D /* YoutubeAPI */ = {
			isa = PBXGroup;
			children = (
				C9C1A86A2869C8D20018C380 /* Models */,
				C9C1A86B2869C9470018C380 /* View Controllers */,
				C9C1A86D2869C9B10018C380 /* Storyboards */,
				C909CA2328705F8D00329D94 /* Assistants */,
				C9C1A86C2869C9950018C380 /* Supporting Files */,
				C9C1A86E2869C9C70018C380 /* Resourses */,
			);
			path = YoutubeAPI;
			sourceTree = "<group>";
		};
		C9C1A86A2869C8D20018C380 /* Models */ = {
			isa = PBXGroup;
			children = (
				C9FC4736286D16A600520795 /* Video.swift */,
				C9FC4738286D17E500520795 /* PlaylistsModel.swift */,
				C9FC473A286D97B000520795 /* PlaylistsResponse.swift */,
				C90F32632875936B0068D69F /* Channel.swift */,
				C941FECD2871DE4D008AF16A /* ChannelsModel.swift */,
				C988C6B928730151007B8EE5 /* ChannelsResponse.swift */,
			);
			name = Models;
			sourceTree = "<group>";
		};
		C9C1A86B2869C9470018C380 /* View Controllers */ = {
			isa = PBXGroup;
			children = (
				C968E147286294B700A8674D /* ViewController.swift */,
				C9E61E1828649728009777C5 /* TopChannelsCollectionView.swift */,
				C9E61E1C2864FB53009777C5 /* TopChannelsCollectionViewCell.swift */,
				C93606332868706600BBF66A /* FirstPlaylistCollectionView.swift */,
				C91403C02869034D0088680B /* FirstPlaylistCollectionViewCell.swift */,
				C9C1A86F2869CCC20018C380 /* SecondPlaylistCollectionView.swift */,
				C9C1A8732869D2BD0018C380 /* SecondPlaylistCollectionViewCell.swift */,
				C965E520286B2E0A000EF4C9 /* PlayerViewController.swift */,
			);
			name = "View Controllers";
			sourceTree = "<group>";
		};
		C9C1A86C2869C9950018C380 /* Supporting Files */ = {
			isa = PBXGroup;
			children = (
				C968E143286294B700A8674D /* AppDelegate.swift */,
				C968E145286294B700A8674D /* SceneDelegate.swift */,
				C968E151286294BC00A8674D /* Info.plist */,
				C91403BD2868F5C40088680B /* YoutubeAPI-Bridging-Header.h */,
			);
			name = "Supporting Files";
			sourceTree = "<group>";
		};
		C9C1A86D2869C9B10018C380 /* Storyboards */ = {
			isa = PBXGroup;
			children = (
				C968E149286294B700A8674D /* Main.storyboard */,
				C968E14E286294BC00A8674D /* LaunchScreen.storyboard */,
				C965E51B286A61D0000EF4C9 /* PlayerViewController.xib */,
			);
			name = Storyboards;
			sourceTree = "<group>";
		};
		C9C1A86E2869C9C70018C380 /* Resourses */ = {
			isa = PBXGroup;
			children = (
				C968E14C286294BC00A8674D /* Assets.xcassets */,
			);
			name = Resourses;
			sourceTree = "<group>";
		};
/* End PBXGroup section */

/* Begin PBXNativeTarget section */
		C968E13F286294B700A8674D /* YoutubeAPI */ = {
			isa = PBXNativeTarget;
			buildConfigurationList = C968E154286294BC00A8674D /* Build configuration list for PBXNativeTarget "YoutubeAPI" */;
			buildPhases = (
				B6D1D675A54EFD7A80D8FD2E /* [CP] Check Pods Manifest.lock */,
				C968E13C286294B700A8674D /* Sources */,
				C968E13D286294B700A8674D /* Frameworks */,
				C968E13E286294B700A8674D /* Resources */,
				2815CCAED525966AB3EF005F /* [CP] Embed Pods Frameworks */,
			);
			buildRules = (
			);
			dependencies = (
			);
			name = YoutubeAPI;
			productName = YoutubeAPI;
			productReference = C968E140286294B700A8674D /* YoutubeAPI.app */;
			productType = "com.apple.product-type.application";
		};
/* End PBXNativeTarget section */

/* Begin PBXProject section */
		C968E138286294B700A8674D /* Project object */ = {
			isa = PBXProject;
			attributes = {
				BuildIndependentTargetsInParallel = 1;
				LastSwiftUpdateCheck = 1320;
				LastUpgradeCheck = 1320;
				TargetAttributes = {
					C968E13F286294B700A8674D = {
						CreatedOnToolsVersion = 13.2.1;
						LastSwiftMigration = 1320;
					};
				};
			};
			buildConfigurationList = C968E13B286294B700A8674D /* Build configuration list for PBXProject "YoutubeAPI" */;
			compatibilityVersion = "Xcode 13.0";
			developmentRegion = en;
			hasScannedForEncodings = 0;
			knownRegions = (
				en,
				Base,
			);
			mainGroup = C968E137286294B700A8674D;
			productRefGroup = C968E141286294B700A8674D /* Products */;
			projectDirPath = "";
			projectRoot = "";
			targets = (
				C968E13F286294B700A8674D /* YoutubeAPI */,
			);
		};
/* End PBXProject section */

/* Begin PBXResourcesBuildPhase section */
		C968E13E286294B700A8674D /* Resources */ = {
			isa = PBXResourcesBuildPhase;
			buildActionMask = 2147483647;
			files = (
				C968E150286294BC00A8674D /* LaunchScreen.storyboard in Resources */,
				C968E14D286294BC00A8674D /* Assets.xcassets in Resources */,
				C968E14B286294B700A8674D /* Main.storyboard in Resources */,
				C965E51C286A61D0000EF4C9 /* PlayerViewController.xib in Resources */,
			);
			runOnlyForDeploymentPostprocessing = 0;
		};
/* End PBXResourcesBuildPhase section */

/* Begin PBXShellScriptBuildPhase section */
		2815CCAED525966AB3EF005F /* [CP] Embed Pods Frameworks */ = {
			isa = PBXShellScriptBuildPhase;
			buildActionMask = 2147483647;
			files = (
			);
			inputFileListPaths = (
				"${PODS_ROOT}/Target Support Files/Pods-YoutubeAPI/Pods-YoutubeAPI-frameworks-${CONFIGURATION}-input-files.xcfilelist",
			);
			name = "[CP] Embed Pods Frameworks";
			outputFileListPaths = (
				"${PODS_ROOT}/Target Support Files/Pods-YoutubeAPI/Pods-YoutubeAPI-frameworks-${CONFIGURATION}-output-files.xcfilelist",
			);
			runOnlyForDeploymentPostprocessing = 0;
			shellPath = /bin/sh;
			shellScript = "\"${PODS_ROOT}/Target Support Files/Pods-YoutubeAPI/Pods-YoutubeAPI-frameworks.sh\"\n";
			showEnvVarsInLog = 0;
		};
		B6D1D675A54EFD7A80D8FD2E /* [CP] Check Pods Manifest.lock */ = {
			isa = PBXShellScriptBuildPhase;
			buildActionMask = 2147483647;
			files = (
			);
			inputFileListPaths = (
			);
			inputPaths = (
				"${PODS_PODFILE_DIR_PATH}/Podfile.lock",
				"${PODS_ROOT}/Manifest.lock",
			);
			name = "[CP] Check Pods Manifest.lock";
			outputFileListPaths = (
			);
			outputPaths = (
				"$(DERIVED_FILE_DIR)/Pods-YoutubeAPI-checkManifestLockResult.txt",
			);
			runOnlyForDeploymentPostprocessing = 0;
			shellPath = /bin/sh;
			shellScript = "diff \"${PODS_PODFILE_DIR_PATH}/Podfile.lock\" \"${PODS_ROOT}/Manifest.lock\" > /dev/null\nif [ $? != 0 ] ; then\n    # print error to STDERR\n    echo \"error: The sandbox is not in sync with the Podfile.lock. Run 'pod install' or update your CocoaPods installation.\" >&2\n    exit 1\nfi\n# This output is used by Xcode 'outputs' to avoid re-running this script phase.\necho \"SUCCESS\" > \"${SCRIPT_OUTPUT_FILE_0}\"\n";
			showEnvVarsInLog = 0;
		};
/* End PBXShellScriptBuildPhase section */

/* Begin PBXSourcesBuildPhase section */
		C968E13C286294B700A8674D /* Sources */ = {
			isa = PBXSourcesBuildPhase;
			buildActionMask = 2147483647;
			files = (
				C9C1A8702869CCC20018C380 /* SecondPlaylistCollectionView.swift in Sources */,
				C91403C12869034D0088680B /* FirstPlaylistCollectionViewCell.swift in Sources */,
				C9FC473B286D97B000520795 /* PlaylistsResponse.swift in Sources */,
				C968E148286294B700A8674D /* ViewController.swift in Sources */,
				C9E61E1D2864FB53009777C5 /* TopChannelsCollectionViewCell.swift in Sources */,
				C9C1A8742869D2BD0018C380 /* SecondPlaylistCollectionViewCell.swift in Sources */,
				C968E144286294B700A8674D /* AppDelegate.swift in Sources */,
				C90F32642875936B0068D69F /* Channel.swift in Sources */,
				C968E146286294B700A8674D /* SceneDelegate.swift in Sources */,
				C941FECE2871DE4E008AF16A /* ChannelsModel.swift in Sources */,
				C909CA252870604600329D94 /* CacheManager.swift in Sources */,
				C9E61E1928649728009777C5 /* TopChannelsCollectionView.swift in Sources */,
				C9FC4735286D0F9600520795 /* APIConstants.swift in Sources */,
				C93606342868706700BBF66A /* FirstPlaylistCollectionView.swift in Sources */,
				C965E521286B2E0A000EF4C9 /* PlayerViewController.swift in Sources */,
				C988C6BA28730151007B8EE5 /* ChannelsResponse.swift in Sources */,
				C9FC4739286D17E500520795 /* PlaylistsModel.swift in Sources */,
				C9FC4737286D16A600520795 /* Video.swift in Sources */,
				C90F32662875EAE10068D69F /* JSONableProtocol.swift in Sources */,
			);
			runOnlyForDeploymentPostprocessing = 0;
		};
/* End PBXSourcesBuildPhase section */

/* Begin PBXVariantGroup section */
		C968E149286294B700A8674D /* Main.storyboard */ = {
			isa = PBXVariantGroup;
			children = (
				C968E14A286294B700A8674D /* Base */,
			);
			name = Main.storyboard;
			sourceTree = "<group>";
		};
		C968E14E286294BC00A8674D /* LaunchScreen.storyboard */ = {
			isa = PBXVariantGroup;
			children = (
				C968E14F286294BC00A8674D /* Base */,
			);
			name = LaunchScreen.storyboard;
			sourceTree = "<group>";
		};
/* End PBXVariantGroup section */

/* Begin XCBuildConfiguration section */
		C968E152286294BC00A8674D /* Debug */ = {
			isa = XCBuildConfiguration;
			buildSettings = {
				ALWAYS_SEARCH_USER_PATHS = NO;
				CLANG_ANALYZER_NONNULL = YES;
				CLANG_ANALYZER_NUMBER_OBJECT_CONVERSION = YES_AGGRESSIVE;
				CLANG_CXX_LANGUAGE_STANDARD = "gnu++17";
				CLANG_CXX_LIBRARY = "libc++";
				CLANG_ENABLE_MODULES = YES;
				CLANG_ENABLE_OBJC_ARC = YES;
				CLANG_ENABLE_OBJC_WEAK = YES;
				CLANG_WARN_BLOCK_CAPTURE_AUTORELEASING = YES;
				CLANG_WARN_BOOL_CONVERSION = YES;
				CLANG_WARN_COMMA = YES;
				CLANG_WARN_CONSTANT_CONVERSION = YES;
				CLANG_WARN_DEPRECATED_OBJC_IMPLEMENTATIONS = YES;
				CLANG_WARN_DIRECT_OBJC_ISA_USAGE = YES_ERROR;
				CLANG_WARN_DOCUMENTATION_COMMENTS = YES;
				CLANG_WARN_EMPTY_BODY = YES;
				CLANG_WARN_ENUM_CONVERSION = YES;
				CLANG_WARN_INFINITE_RECURSION = YES;
				CLANG_WARN_INT_CONVERSION = YES;
				CLANG_WARN_NON_LITERAL_NULL_CONVERSION = YES;
				CLANG_WARN_OBJC_IMPLICIT_RETAIN_SELF = YES;
				CLANG_WARN_OBJC_LITERAL_CONVERSION = YES;
				CLANG_WARN_OBJC_ROOT_CLASS = YES_ERROR;
				CLANG_WARN_QUOTED_INCLUDE_IN_FRAMEWORK_HEADER = YES;
				CLANG_WARN_RANGE_LOOP_ANALYSIS = YES;
				CLANG_WARN_STRICT_PROTOTYPES = YES;
				CLANG_WARN_SUSPICIOUS_MOVE = YES;
				CLANG_WARN_UNGUARDED_AVAILABILITY = YES_AGGRESSIVE;
				CLANG_WARN_UNREACHABLE_CODE = YES;
				CLANG_WARN__DUPLICATE_METHOD_MATCH = YES;
				COPY_PHASE_STRIP = NO;
				DEBUG_INFORMATION_FORMAT = dwarf;
				ENABLE_STRICT_OBJC_MSGSEND = YES;
				ENABLE_TESTABILITY = YES;
				GCC_C_LANGUAGE_STANDARD = gnu11;
				GCC_DYNAMIC_NO_PIC = NO;
				GCC_NO_COMMON_BLOCKS = YES;
				GCC_OPTIMIZATION_LEVEL = 0;
				GCC_PREPROCESSOR_DEFINITIONS = (
					"DEBUG=1",
					"$(inherited)",
				);
				GCC_WARN_64_TO_32_BIT_CONVERSION = YES;
				GCC_WARN_ABOUT_DEPRECATED_FUNCTIONS = YES;
				GCC_WARN_ABOUT_RETURN_TYPE = YES_ERROR;
				GCC_WARN_UNDECLARED_SELECTOR = YES;
				GCC_WARN_UNINITIALIZED_AUTOS = YES_AGGRESSIVE;
				GCC_WARN_UNUSED_FUNCTION = YES;
				GCC_WARN_UNUSED_VARIABLE = YES;
				IPHONEOS_DEPLOYMENT_TARGET = 13.0;
				MTL_ENABLE_DEBUG_INFO = INCLUDE_SOURCE;
				MTL_FAST_MATH = YES;
				ONLY_ACTIVE_ARCH = YES;
				SDKROOT = iphoneos;
				SWIFT_ACTIVE_COMPILATION_CONDITIONS = DEBUG;
				SWIFT_OBJC_BRIDGING_HEADER = "/Users/Vitaly_Zubenko/Developer/YoutubeAPI/YoutubeAPI/YoutubeAPI-Bridging-Header.h";
				SWIFT_OPTIMIZATION_LEVEL = "-Onone";
			};
			name = Debug;
		};
		C968E153286294BC00A8674D /* Release */ = {
			isa = XCBuildConfiguration;
			buildSettings = {
				ALWAYS_SEARCH_USER_PATHS = NO;
				CLANG_ANALYZER_NONNULL = YES;
				CLANG_ANALYZER_NUMBER_OBJECT_CONVERSION = YES_AGGRESSIVE;
				CLANG_CXX_LANGUAGE_STANDARD = "gnu++17";
				CLANG_CXX_LIBRARY = "libc++";
				CLANG_ENABLE_MODULES = YES;
				CLANG_ENABLE_OBJC_ARC = YES;
				CLANG_ENABLE_OBJC_WEAK = YES;
				CLANG_WARN_BLOCK_CAPTURE_AUTORELEASING = YES;
				CLANG_WARN_BOOL_CONVERSION = YES;
				CLANG_WARN_COMMA = YES;
				CLANG_WARN_CONSTANT_CONVERSION = YES;
				CLANG_WARN_DEPRECATED_OBJC_IMPLEMENTATIONS = YES;
				CLANG_WARN_DIRECT_OBJC_ISA_USAGE = YES_ERROR;
				CLANG_WARN_DOCUMENTATION_COMMENTS = YES;
				CLANG_WARN_EMPTY_BODY = YES;
				CLANG_WARN_ENUM_CONVERSION = YES;
				CLANG_WARN_INFINITE_RECURSION = YES;
				CLANG_WARN_INT_CONVERSION = YES;
				CLANG_WARN_NON_LITERAL_NULL_CONVERSION = YES;
				CLANG_WARN_OBJC_IMPLICIT_RETAIN_SELF = YES;
				CLANG_WARN_OBJC_LITERAL_CONVERSION = YES;
				CLANG_WARN_OBJC_ROOT_CLASS = YES_ERROR;
				CLANG_WARN_QUOTED_INCLUDE_IN_FRAMEWORK_HEADER = YES;
				CLANG_WARN_RANGE_LOOP_ANALYSIS = YES;
				CLANG_WARN_STRICT_PROTOTYPES = YES;
				CLANG_WARN_SUSPICIOUS_MOVE = YES;
				CLANG_WARN_UNGUARDED_AVAILABILITY = YES_AGGRESSIVE;
				CLANG_WARN_UNREACHABLE_CODE = YES;
				CLANG_WARN__DUPLICATE_METHOD_MATCH = YES;
				COPY_PHASE_STRIP = NO;
				DEBUG_INFORMATION_FORMAT = "dwarf-with-dsym";
				ENABLE_NS_ASSERTIONS = NO;
				ENABLE_STRICT_OBJC_MSGSEND = YES;
				GCC_C_LANGUAGE_STANDARD = gnu11;
				GCC_NO_COMMON_BLOCKS = YES;
				GCC_WARN_64_TO_32_BIT_CONVERSION = YES;
				GCC_WARN_ABOUT_DEPRECATED_FUNCTIONS = YES;
				GCC_WARN_ABOUT_RETURN_TYPE = YES_ERROR;
				GCC_WARN_UNDECLARED_SELECTOR = YES;
				GCC_WARN_UNINITIALIZED_AUTOS = YES_AGGRESSIVE;
				GCC_WARN_UNUSED_FUNCTION = YES;
				GCC_WARN_UNUSED_VARIABLE = YES;
				IPHONEOS_DEPLOYMENT_TARGET = 13.0;
				MTL_ENABLE_DEBUG_INFO = NO;
				MTL_FAST_MATH = YES;
				SDKROOT = iphoneos;
				SWIFT_COMPILATION_MODE = wholemodule;
				SWIFT_OBJC_BRIDGING_HEADER = "/Users/Vitaly_Zubenko/Developer/YoutubeAPI/YoutubeAPI/YoutubeAPI-Bridging-Header.h";
				SWIFT_OPTIMIZATION_LEVEL = "-O";
				VALIDATE_PRODUCT = YES;
			};
			name = Release;
		};
		C968E155286294BC00A8674D /* Debug */ = {
			isa = XCBuildConfiguration;
			baseConfigurationReference = 65485F4663FF1375EE3610A5 /* Pods-YoutubeAPI.debug.xcconfig */;
			buildSettings = {
				ASSETCATALOG_COMPILER_APPICON_NAME = AppIcon;
				ASSETCATALOG_COMPILER_GLOBAL_ACCENT_COLOR_NAME = AccentColor;
				CLANG_ENABLE_MODULES = YES;
				CODE_SIGN_STYLE = Automatic;
				CURRENT_PROJECT_VERSION = 1;
				DEVELOPMENT_TEAM = K7WNSVLH74;
				GCC_WARN_ABOUT_DEPRECATED_FUNCTIONS = YES;
				GENERATE_INFOPLIST_FILE = YES;
				INFOPLIST_FILE = YoutubeAPI/Info.plist;
				INFOPLIST_KEY_UIApplicationSupportsIndirectInputEvents = YES;
				INFOPLIST_KEY_UILaunchStoryboardName = LaunchScreen;
				INFOPLIST_KEY_UIMainStoryboardFile = Main;
				INFOPLIST_KEY_UISupportedInterfaceOrientations = UIInterfaceOrientationPortrait;
				INFOPLIST_KEY_UISupportedInterfaceOrientations_iPad = "UIInterfaceOrientationPortrait UIInterfaceOrientationPortraitUpsideDown UIInterfaceOrientationLandscapeLeft UIInterfaceOrientationLandscapeRight";
				INFOPLIST_KEY_UISupportedInterfaceOrientations_iPhone = "UIInterfaceOrientationPortrait UIInterfaceOrientationLandscapeLeft UIInterfaceOrientationLandscapeRight";
				IPHONEOS_DEPLOYMENT_TARGET = 13.0;
				LD_RUNPATH_SEARCH_PATHS = (
					"$(inherited)",
					"@executable_path/Frameworks",
				);
				MARKETING_VERSION = 1.0;
				PRODUCT_BUNDLE_IDENTIFIER = com.VTL.YoutubeAPI;
				PRODUCT_NAME = "$(TARGET_NAME)";
				SWIFT_EMIT_LOC_STRINGS = YES;
				SWIFT_OBJC_BRIDGING_HEADER = "YoutubeAPI/YoutubeAPI-Bridging-Header.h";
				SWIFT_OPTIMIZATION_LEVEL = "-Onone";
				SWIFT_VERSION = 5.0;
				TARGETED_DEVICE_FAMILY = 1;
			};
			name = Debug;
		};
		C968E156286294BC00A8674D /* Release */ = {
			isa = XCBuildConfiguration;
			baseConfigurationReference = 19FBF6B9BE61CEDDADD894EA /* Pods-YoutubeAPI.release.xcconfig */;
			buildSettings = {
				ASSETCATALOG_COMPILER_APPICON_NAME = AppIcon;
				ASSETCATALOG_COMPILER_GLOBAL_ACCENT_COLOR_NAME = AccentColor;
				CLANG_ENABLE_MODULES = YES;
				CODE_SIGN_STYLE = Automatic;
				CURRENT_PROJECT_VERSION = 1;
				DEVELOPMENT_TEAM = K7WNSVLH74;
				GCC_WARN_ABOUT_DEPRECATED_FUNCTIONS = YES;
				GENERATE_INFOPLIST_FILE = YES;
				INFOPLIST_FILE = YoutubeAPI/Info.plist;
				INFOPLIST_KEY_UIApplicationSupportsIndirectInputEvents = YES;
				INFOPLIST_KEY_UILaunchStoryboardName = LaunchScreen;
				INFOPLIST_KEY_UIMainStoryboardFile = Main;
				INFOPLIST_KEY_UISupportedInterfaceOrientations = UIInterfaceOrientationPortrait;
				INFOPLIST_KEY_UISupportedInterfaceOrientations_iPad = "UIInterfaceOrientationPortrait UIInterfaceOrientationPortraitUpsideDown UIInterfaceOrientationLandscapeLeft UIInterfaceOrientationLandscapeRight";
				INFOPLIST_KEY_UISupportedInterfaceOrientations_iPhone = "UIInterfaceOrientationPortrait UIInterfaceOrientationLandscapeLeft UIInterfaceOrientationLandscapeRight";
				IPHONEOS_DEPLOYMENT_TARGET = 13.0;
				LD_RUNPATH_SEARCH_PATHS = (
					"$(inherited)",
					"@executable_path/Frameworks",
				);
				MARKETING_VERSION = 1.0;
				PRODUCT_BUNDLE_IDENTIFIER = com.VTL.YoutubeAPI;
				PRODUCT_NAME = "$(TARGET_NAME)";
				SWIFT_EMIT_LOC_STRINGS = YES;
				SWIFT_OBJC_BRIDGING_HEADER = "YoutubeAPI/YoutubeAPI-Bridging-Header.h";
				SWIFT_VERSION = 5.0;
				TARGETED_DEVICE_FAMILY = 1;
			};
			name = Release;
		};
/* End XCBuildConfiguration section */

/* Begin XCConfigurationList section */
		C968E13B286294B700A8674D /* Build configuration list for PBXProject "YoutubeAPI" */ = {
			isa = XCConfigurationList;
			buildConfigurations = (
				C968E152286294BC00A8674D /* Debug */,
				C968E153286294BC00A8674D /* Release */,
			);
			defaultConfigurationIsVisible = 0;
			defaultConfigurationName = Release;
		};
		C968E154286294BC00A8674D /* Build configuration list for PBXNativeTarget "YoutubeAPI" */ = {
			isa = XCConfigurationList;
			buildConfigurations = (
				C968E155286294BC00A8674D /* Debug */,
				C968E156286294BC00A8674D /* Release */,
			);
			defaultConfigurationIsVisible = 0;
			defaultConfigurationName = Release;
		};
/* End XCConfigurationList section */
	};
	rootObject = C968E138286294B700A8674D /* Project object */;
}
